
Microsoft Visual Studio Solution File, Format Version 12.00
# Visual Studio Version 17
VisualStudioVersion = 17.14.36414.22 d17.14
MinimumVisualStudioVersion = 10.0.40219.1
Project("{FAE04EC0-301F-11D3-BF4B-00C04F79EFBC}") = "Ejercicio13", "Ejercicio13.csproj", "{014E46D4-17DF-42AB-BF83-7897DB3A9620}"
EndProject
Global
	GlobalSection(SolutionConfigurationPlatforms) = preSolution
		Debug|Any CPU = Debug|Any CPU
		Release|Any CPU = Release|Any CPU
	EndGlobalSection
	GlobalSection(ProjectConfigurationPlatforms) = postSolution
		{014E46D4-17DF-42AB-BF83-7897DB3A9620}.Debug|Any CPU.ActiveCfg = Debug|Any CPU
		{014E46D4-17DF-42AB-BF83-7897DB3A9620}.Debug|Any CPU.Build.0 = Debug|Any CPU
		{014E46D4-17DF-42AB-BF83-7897DB3A9620}.Release|Any CPU.ActiveCfg = Release|Any CPU
		{014E46D4-17DF-42AB-BF83-7897DB3A9620}.Release|Any CPU.Build.0 = Release|Any CPU
	EndGlobalSection
	GlobalSection(SolutionProperties) = preSolution
		HideSolutionNode = FALSE
	EndGlobalSection
	GlobalSection(ExtensibilityGlobals) = postSolution
		SolutionGuid = {DE2CD61C-C65E-4147-9CA9-353813366FFE}
	EndGlobalSection
EndGlobal
