
Microsoft Visual Studio Solution File, Format Version 12.00
# Visual Studio Version 17
VisualStudioVersion = 17.14.36327.8 d17.14
MinimumVisualStudioVersion = 10.0.40219.1
Project("{FAE04EC0-301F-11D3-BF4B-00C04F79EFBC}") = "1InicioVisualStudio", "1InicioVisualStudio\1InicioVisualStudio.csproj", "{C8FAB7D0-EC0B-42BC-B07F-8A35BFD1EAC3}"
EndProject
Global
	GlobalSection(SolutionConfigurationPlatforms) = preSolution
		Debug|Any CPU = Debug|Any CPU
		Release|Any CPU = Release|Any CPU
	EndGlobalSection
	GlobalSection(ProjectConfigurationPlatforms) = postSolution
		{C8FAB7D0-EC0B-42BC-B07F-8A35BFD1EAC3}.Debug|Any CPU.ActiveCfg = Debug|Any CPU
		{C8FAB7D0-EC0B-42BC-B07F-8A35BFD1EAC3}.Debug|Any CPU.Build.0 = Debug|Any CPU
		{C8FAB7D0-EC0B-42BC-B07F-8A35BFD1EAC3}.Release|Any CPU.ActiveCfg = Release|Any CPU
		{C8FAB7D0-EC0B-42BC-B07F-8A35BFD1EAC3}.Release|Any CPU.Build.0 = Release|Any CPU
	EndGlobalSection
	GlobalSection(SolutionProperties) = preSolution
		HideSolutionNode = FALSE
	EndGlobalSection
	GlobalSection(ExtensibilityGlobals) = postSolution
		SolutionGuid = {1187F2DF-7AAB-4D40-8773-7AE37C215499}
	EndGlobalSection
EndGlobal
