
Microsoft Visual Studio Solution File, Format Version 12.00
# Visual Studio Version 17
VisualStudioVersion = 17.14.36327.8 d17.14
MinimumVisualStudioVersion = 10.0.40219.1
Project("{FAE04EC0-301F-11D3-BF4B-00C04F79EFBC}") = "ParcialCondicionales_IsabelaUribeCastaño", "ParcialCondicionales_IsabelaUribeCastaño.csproj", "{35A1521B-F6AB-40F4-A91B-E8C2750BF873}"
EndProject
Global
	GlobalSection(SolutionConfigurationPlatforms) = preSolution
		Debug|Any CPU = Debug|Any CPU
		Release|Any CPU = Release|Any CPU
	EndGlobalSection
	GlobalSection(ProjectConfigurationPlatforms) = postSolution
		{35A1521B-F6AB-40F4-A91B-E8C2750BF873}.Debug|Any CPU.ActiveCfg = Debug|Any CPU
		{35A1521B-F6AB-40F4-A91B-E8C2750BF873}.Debug|Any CPU.Build.0 = Debug|Any CPU
		{35A1521B-F6AB-40F4-A91B-E8C2750BF873}.Release|Any CPU.ActiveCfg = Release|Any CPU
		{35A1521B-F6AB-40F4-A91B-E8C2750BF873}.Release|Any CPU.Build.0 = Release|Any CPU
	EndGlobalSection
	GlobalSection(SolutionProperties) = preSolution
		HideSolutionNode = FALSE
	EndGlobalSection
	GlobalSection(ExtensibilityGlobals) = postSolution
		SolutionGuid = {3BA6DA37-28B6-4CDD-AD1E-C070A290E4EE}
	EndGlobalSection
EndGlobal
