
Microsoft Visual Studio Solution File, Format Version 12.00
# Visual Studio Version 17
VisualStudioVersion = 17.14.36327.8 d17.14
MinimumVisualStudioVersion = 10.0.40219.1
Project("{FAE04EC0-301F-11D3-BF4B-00C04F79EFBC}") = "7.OperadorTerniario", "7.OperadorTerniario.csproj", "{39D537E3-0AA5-4834-9895-9D4BF93AB3E9}"
EndProject
Global
	GlobalSection(SolutionConfigurationPlatforms) = preSolution
		Debug|Any CPU = Debug|Any CPU
		Release|Any CPU = Release|Any CPU
	EndGlobalSection
	GlobalSection(ProjectConfigurationPlatforms) = postSolution
		{39D537E3-0AA5-4834-9895-9D4BF93AB3E9}.Debug|Any CPU.ActiveCfg = Debug|Any CPU
		{39D537E3-0AA5-4834-9895-9D4BF93AB3E9}.Debug|Any CPU.Build.0 = Debug|Any CPU
		{39D537E3-0AA5-4834-9895-9D4BF93AB3E9}.Release|Any CPU.ActiveCfg = Release|Any CPU
		{39D537E3-0AA5-4834-9895-9D4BF93AB3E9}.Release|Any CPU.Build.0 = Release|Any CPU
	EndGlobalSection
	GlobalSection(SolutionProperties) = preSolution
		HideSolutionNode = FALSE
	EndGlobalSection
	GlobalSection(ExtensibilityGlobals) = postSolution
		SolutionGuid = {98BC2E32-2A36-4D60-B45E-B216C38AD3D6}
	EndGlobalSection
EndGlobal
