
Microsoft Visual Studio Solution File, Format Version 12.00
# Visual Studio Version 17
VisualStudioVersion = 17.14.36414.22 d17.14
MinimumVisualStudioVersion = 10.0.40219.1
Project("{FAE04EC0-301F-11D3-BF4B-00C04F79EFBC}") = "ParcialArreglos_IsabelaUribe", "ParcialArreglos_IsabelaUribe.csproj", "{296FE0AF-A351-4C15-BA4B-90FBFD93192D}"
EndProject
Global
	GlobalSection(SolutionConfigurationPlatforms) = preSolution
		Debug|Any CPU = Debug|Any CPU
		Release|Any CPU = Release|Any CPU
	EndGlobalSection
	GlobalSection(ProjectConfigurationPlatforms) = postSolution
		{296FE0AF-A351-4C15-BA4B-90FBFD93192D}.Debug|Any CPU.ActiveCfg = Debug|Any CPU
		{296FE0AF-A351-4C15-BA4B-90FBFD93192D}.Debug|Any CPU.Build.0 = Debug|Any CPU
		{296FE0AF-A351-4C15-BA4B-90FBFD93192D}.Release|Any CPU.ActiveCfg = Release|Any CPU
		{296FE0AF-A351-4C15-BA4B-90FBFD93192D}.Release|Any CPU.Build.0 = Release|Any CPU
	EndGlobalSection
	GlobalSection(SolutionProperties) = preSolution
		HideSolutionNode = FALSE
	EndGlobalSection
	GlobalSection(ExtensibilityGlobals) = postSolution
		SolutionGuid = {4EBEDDBA-E192-4D24-80F7-8361E9EDBA90}
	EndGlobalSection
EndGlobal
