
Microsoft Visual Studio Solution File, Format Version 12.00
# Visual Studio Version 17
VisualStudioVersion = 17.14.36414.22 d17.14
MinimumVisualStudioVersion = 10.0.40219.1
Project("{FAE04EC0-301F-11D3-BF4B-00C04F79EFBC}") = "Ejercicio16", "Ejercicio16.csproj", "{F69B5029-F132-4166-9792-A8A012A65F60}"
EndProject
Global
	GlobalSection(SolutionConfigurationPlatforms) = preSolution
		Debug|Any CPU = Debug|Any CPU
		Release|Any CPU = Release|Any CPU
	EndGlobalSection
	GlobalSection(ProjectConfigurationPlatforms) = postSolution
		{F69B5029-F132-4166-9792-A8A012A65F60}.Debug|Any CPU.ActiveCfg = Debug|Any CPU
		{F69B5029-F132-4166-9792-A8A012A65F60}.Debug|Any CPU.Build.0 = Debug|Any CPU
		{F69B5029-F132-4166-9792-A8A012A65F60}.Release|Any CPU.ActiveCfg = Release|Any CPU
		{F69B5029-F132-4166-9792-A8A012A65F60}.Release|Any CPU.Build.0 = Release|Any CPU
	EndGlobalSection
	GlobalSection(SolutionProperties) = preSolution
		HideSolutionNode = FALSE
	EndGlobalSection
	GlobalSection(ExtensibilityGlobals) = postSolution
		SolutionGuid = {1F54BCB4-7323-48C4-A23C-C5D6D5862EE6}
	EndGlobalSection
EndGlobal
