
Microsoft Visual Studio Solution File, Format Version 12.00
# Visual Studio Version 17
VisualStudioVersion = 17.14.36327.8 d17.14
MinimumVisualStudioVersion = 10.0.40219.1
Project("{FAE04EC0-301F-11D3-BF4B-00C04F79EFBC}") = "3.Condicionales", "3.Condicionales.csproj", "{8FCDA44B-8735-4E3D-A77D-0C4C8A4A3F04}"
EndProject
Global
	GlobalSection(SolutionConfigurationPlatforms) = preSolution
		Debug|Any CPU = Debug|Any CPU
		Release|Any CPU = Release|Any CPU
	EndGlobalSection
	GlobalSection(ProjectConfigurationPlatforms) = postSolution
		{8FCDA44B-8735-4E3D-A77D-0C4C8A4A3F04}.Debug|Any CPU.ActiveCfg = Debug|Any CPU
		{8FCDA44B-8735-4E3D-A77D-0C4C8A4A3F04}.Debug|Any CPU.Build.0 = Debug|Any CPU
		{8FCDA44B-8735-4E3D-A77D-0C4C8A4A3F04}.Release|Any CPU.ActiveCfg = Release|Any CPU
		{8FCDA44B-8735-4E3D-A77D-0C4C8A4A3F04}.Release|Any CPU.Build.0 = Release|Any CPU
	EndGlobalSection
	GlobalSection(SolutionProperties) = preSolution
		HideSolutionNode = FALSE
	EndGlobalSection
	GlobalSection(ExtensibilityGlobals) = postSolution
		SolutionGuid = {F8BB3929-978F-4C2B-9E42-7F5189707251}
	EndGlobalSection
EndGlobal
