
Microsoft Visual Studio Solution File, Format Version 12.00
# Visual Studio Version 17
VisualStudioVersion = 17.14.36414.22 d17.14
MinimumVisualStudioVersion = 10.0.40219.1
Project("{FAE04EC0-301F-11D3-BF4B-00C04F79EFBC}") = "Ejercicio8", "Ejercicio8.csproj", "{EB0DC0E5-6CE7-4624-9351-C897BAE21110}"
EndProject
Global
	GlobalSection(SolutionConfigurationPlatforms) = preSolution
		Debug|Any CPU = Debug|Any CPU
		Release|Any CPU = Release|Any CPU
	EndGlobalSection
	GlobalSection(ProjectConfigurationPlatforms) = postSolution
		{EB0DC0E5-6CE7-4624-9351-C897BAE21110}.Debug|Any CPU.ActiveCfg = Debug|Any CPU
		{EB0DC0E5-6CE7-4624-9351-C897BAE21110}.Debug|Any CPU.Build.0 = Debug|Any CPU
		{EB0DC0E5-6CE7-4624-9351-C897BAE21110}.Release|Any CPU.ActiveCfg = Release|Any CPU
		{EB0DC0E5-6CE7-4624-9351-C897BAE21110}.Release|Any CPU.Build.0 = Release|Any CPU
	EndGlobalSection
	GlobalSection(SolutionProperties) = preSolution
		HideSolutionNode = FALSE
	EndGlobalSection
	GlobalSection(ExtensibilityGlobals) = postSolution
		SolutionGuid = {FA867BBD-6BD5-4A9E-A130-50AFE478AC89}
	EndGlobalSection
EndGlobal
