
Microsoft Visual Studio Solution File, Format Version 12.00
# Visual Studio Version 17
VisualStudioVersion = 17.14.36414.22 d17.14
MinimumVisualStudioVersion = 10.0.40219.1
Project("{FAE04EC0-301F-11D3-BF4B-00C04F79EFBC}") = "Ejercicio11", "Ejercicio11.csproj", "{9DBA2357-7D6A-49A8-9DF8-D0C48D3EE813}"
EndProject
Global
	GlobalSection(SolutionConfigurationPlatforms) = preSolution
		Debug|Any CPU = Debug|Any CPU
		Release|Any CPU = Release|Any CPU
	EndGlobalSection
	GlobalSection(ProjectConfigurationPlatforms) = postSolution
		{9DBA2357-7D6A-49A8-9DF8-D0C48D3EE813}.Debug|Any CPU.ActiveCfg = Debug|Any CPU
		{9DBA2357-7D6A-49A8-9DF8-D0C48D3EE813}.Debug|Any CPU.Build.0 = Debug|Any CPU
		{9DBA2357-7D6A-49A8-9DF8-D0C48D3EE813}.Release|Any CPU.ActiveCfg = Release|Any CPU
		{9DBA2357-7D6A-49A8-9DF8-D0C48D3EE813}.Release|Any CPU.Build.0 = Release|Any CPU
	EndGlobalSection
	GlobalSection(SolutionProperties) = preSolution
		HideSolutionNode = FALSE
	EndGlobalSection
	GlobalSection(ExtensibilityGlobals) = postSolution
		SolutionGuid = {02D91240-410A-421D-AE74-DFB7DAC2DD84}
	EndGlobalSection
EndGlobal
