
Microsoft Visual Studio Solution File, Format Version 12.00
# Visual Studio Version 17
VisualStudioVersion = 17.14.36414.22 d17.14
MinimumVisualStudioVersion = 10.0.40219.1
Project("{FAE04EC0-301F-11D3-BF4B-00C04F79EFBC}") = "Ejercicio24", "Ejercicio24.csproj", "{E0B13B63-58B7-4EE2-9F57-D985FA9103A3}"
EndProject
Global
	GlobalSection(SolutionConfigurationPlatforms) = preSolution
		Debug|Any CPU = Debug|Any CPU
		Release|Any CPU = Release|Any CPU
	EndGlobalSection
	GlobalSection(ProjectConfigurationPlatforms) = postSolution
		{E0B13B63-58B7-4EE2-9F57-D985FA9103A3}.Debug|Any CPU.ActiveCfg = Debug|Any CPU
		{E0B13B63-58B7-4EE2-9F57-D985FA9103A3}.Debug|Any CPU.Build.0 = Debug|Any CPU
		{E0B13B63-58B7-4EE2-9F57-D985FA9103A3}.Release|Any CPU.ActiveCfg = Release|Any CPU
		{E0B13B63-58B7-4EE2-9F57-D985FA9103A3}.Release|Any CPU.Build.0 = Release|Any CPU
	EndGlobalSection
	GlobalSection(SolutionProperties) = preSolution
		HideSolutionNode = FALSE
	EndGlobalSection
	GlobalSection(ExtensibilityGlobals) = postSolution
		SolutionGuid = {38D51F90-0621-4879-A1AA-8EC2BE5C33FC}
	EndGlobalSection
EndGlobal
