
Microsoft Visual Studio Solution File, Format Version 12.00
# Visual Studio Version 17
VisualStudioVersion = 17.14.36327.8 d17.14
MinimumVisualStudioVersion = 10.0.40219.1
Project("{FAE04EC0-301F-11D3-BF4B-00C04F79EFBC}") = "Ejercicio3", "Ejercicio3.csproj", "{D9AA3B01-80FE-429B-8999-6D00F040AAF3}"
EndProject
Global
	GlobalSection(SolutionConfigurationPlatforms) = preSolution
		Debug|Any CPU = Debug|Any CPU
		Release|Any CPU = Release|Any CPU
	EndGlobalSection
	GlobalSection(ProjectConfigurationPlatforms) = postSolution
		{D9AA3B01-80FE-429B-8999-6D00F040AAF3}.Debug|Any CPU.ActiveCfg = Debug|Any CPU
		{D9AA3B01-80FE-429B-8999-6D00F040AAF3}.Debug|Any CPU.Build.0 = Debug|Any CPU
		{D9AA3B01-80FE-429B-8999-6D00F040AAF3}.Release|Any CPU.ActiveCfg = Release|Any CPU
		{D9AA3B01-80FE-429B-8999-6D00F040AAF3}.Release|Any CPU.Build.0 = Release|Any CPU
	EndGlobalSection
	GlobalSection(SolutionProperties) = preSolution
		HideSolutionNode = FALSE
	EndGlobalSection
	GlobalSection(ExtensibilityGlobals) = postSolution
		SolutionGuid = {F1179208-DD31-44F5-BE78-5ECD6DFE4114}
	EndGlobalSection
EndGlobal
