
Microsoft Visual Studio Solution File, Format Version 12.00
# Visual Studio Version 17
VisualStudioVersion = 17.14.36414.22 d17.14
MinimumVisualStudioVersion = 10.0.40219.1
Project("{FAE04EC0-301F-11D3-BF4B-00C04F79EFBC}") = "Ejercicio9", "Ejercicio9.csproj", "{BA4177E9-87E0-44D5-B412-32A353D7CAAA}"
EndProject
Global
	GlobalSection(SolutionConfigurationPlatforms) = preSolution
		Debug|Any CPU = Debug|Any CPU
		Release|Any CPU = Release|Any CPU
	EndGlobalSection
	GlobalSection(ProjectConfigurationPlatforms) = postSolution
		{BA4177E9-87E0-44D5-B412-32A353D7CAAA}.Debug|Any CPU.ActiveCfg = Debug|Any CPU
		{BA4177E9-87E0-44D5-B412-32A353D7CAAA}.Debug|Any CPU.Build.0 = Debug|Any CPU
		{BA4177E9-87E0-44D5-B412-32A353D7CAAA}.Release|Any CPU.ActiveCfg = Release|Any CPU
		{BA4177E9-87E0-44D5-B412-32A353D7CAAA}.Release|Any CPU.Build.0 = Release|Any CPU
	EndGlobalSection
	GlobalSection(SolutionProperties) = preSolution
		HideSolutionNode = FALSE
	EndGlobalSection
	GlobalSection(ExtensibilityGlobals) = postSolution
		SolutionGuid = {BAFA4945-A830-42BA-9101-7A856095C8C7}
	EndGlobalSection
EndGlobal
