
Microsoft Visual Studio Solution File, Format Version 12.00
# Visual Studio Version 17
VisualStudioVersion = 17.14.36414.22 d17.14
MinimumVisualStudioVersion = 10.0.40219.1
Project("{FAE04EC0-301F-11D3-BF4B-00C04F79EFBC}") = "Ejercicio29", "Ejercicio29.csproj", "{81EE82F4-12D3-489F-B007-B8E7B776D6B2}"
EndProject
Global
	GlobalSection(SolutionConfigurationPlatforms) = preSolution
		Debug|Any CPU = Debug|Any CPU
		Release|Any CPU = Release|Any CPU
	EndGlobalSection
	GlobalSection(ProjectConfigurationPlatforms) = postSolution
		{81EE82F4-12D3-489F-B007-B8E7B776D6B2}.Debug|Any CPU.ActiveCfg = Debug|Any CPU
		{81EE82F4-12D3-489F-B007-B8E7B776D6B2}.Debug|Any CPU.Build.0 = Debug|Any CPU
		{81EE82F4-12D3-489F-B007-B8E7B776D6B2}.Release|Any CPU.ActiveCfg = Release|Any CPU
		{81EE82F4-12D3-489F-B007-B8E7B776D6B2}.Release|Any CPU.Build.0 = Release|Any CPU
	EndGlobalSection
	GlobalSection(SolutionProperties) = preSolution
		HideSolutionNode = FALSE
	EndGlobalSection
	GlobalSection(ExtensibilityGlobals) = postSolution
		SolutionGuid = {63519C2B-5396-443E-9504-3906AF7FC72C}
	EndGlobalSection
EndGlobal
